<?xml version="1.0" encoding="UTF-8" standalone="yes" ?>
<CodeBlocks_project_file>
	<FileVersion major="1" minor="6" />
	<Project>
		<Option title="Yeast_CPP" />
		<Option pch_mode="2" />
		<Option compiler="gcc" />
		<Build>
			<Target title="Debug">
				<Option output="bin/Debug/Yeast_CPP" prefix_auto="1" extension_auto="1" />
				<Option object_output="obj/Debug/" />
				<Option type="1" />
				<Option compiler="gcc" />
				<Compiler>
					<Add option="-std=gnu++17" />
					<Add option="-g" />
				</Compiler>
			</Target>
			<Target title="Release">
				<Option output="bin/Release/Yeast_CPP" prefix_auto="1" extension_auto="1" />
				<Option object_output="obj/Release/" />
				<Option type="1" />
				<Option compiler="gcc" />
				<Compiler>
					<Add option="-O3" />
					<Add option="-std=gnu++17" />
				</Compiler>
				<Linker>
					<Add option="-O3" />
					<Add option="-s" />
				</Linker>
			</Target>
		</Build>
		<Compiler>
			<Add option="-O3" />
			<Add option="-Wall" />
			<Add option="-std=gnu++17" />
			<Add option="-pg" />
			<Add option="-fexceptions" />
		</Compiler>
		<Linker>
			<Add option="-pg -lgmon" />
		</Linker>
		<Unit filename="Test_Eigen_handling.cpp" />
		<Unit filename="Test_Hashtable.cpp" />
		<Unit filename="Test_MathGL_handling.cpp" />
		<Unit filename="Test_Valarray_handling.cpp" />
		<Unit filename="death.cpp" />
		<Unit filename="diffusion.cpp" />
		<Unit filename="diffusion_illustrations.cpp" />
		<Unit filename="division.cpp" />
		<Unit filename="feeding.cpp" />
		<Unit filename="main.cpp" />
		<Unit filename="main.h" />
		<Unit filename="master.h" />
		<Unit filename="read_in.cpp" />
		<Extensions />
	</Project>
</CodeBlocks_project_file>
